
Microsoft Visual Studio Solution File, Format Version 12.00
# Visual Studio Version 16
VisualStudioVersion = 16.0.30717.126
MinimumVisualStudioVersion = 10.0.40219.1
Project("{9A19103F-16F7-4668-BE54-9A1E7A4F7556}") = "Assignment", "Assignment.csproj", "{D8081BA9-BDCB-48F6-90B2-7C1502010422}"
EndProject
Global
	GlobalSection(SolutionConfigurationPlatforms) = preSolution
		Debug|Any CPU = Debug|Any CPU
		Release|Any CPU = Release|Any CPU
	EndGlobalSection
	GlobalSection(ProjectConfigurationPlatforms) = postSolution
		{D8081BA9-BDCB-48F6-90B2-7C1502010422}.Debug|Any CPU.ActiveCfg = Debug|Any CPU
		{D8081BA9-BDCB-48F6-90B2-7C1502010422}.Debug|Any CPU.Build.0 = Debug|Any CPU
		{D8081BA9-BDCB-48F6-90B2-7C1502010422}.Release|Any CPU.ActiveCfg = Release|Any CPU
		{D8081BA9-BDCB-48F6-90B2-7C1502010422}.Release|Any CPU.Build.0 = Release|Any CPU
	EndGlobalSection
	GlobalSection(SolutionProperties) = preSolution
		HideSolutionNode = FALSE
	EndGlobalSection
	GlobalSection(ExtensibilityGlobals) = postSolution
		SolutionGuid = {9CDDAD36-AEE3-490A-99C1-D61D48F42CD3}
	EndGlobalSection
EndGlobal
