
Microsoft Visual Studio Solution File, Format Version 12.00
# Visual Studio Version 16
VisualStudioVersion = 16.0.30717.126
MinimumVisualStudioVersion = 10.0.40219.1
Project("{9A19103F-16F7-4668-BE54-9A1E7A4F7556}") = "Question11", "Question11.csproj", "{42D902B2-18B3-4FD1-A0E2-D4FE61B07F90}"
EndProject
Global
	GlobalSection(SolutionConfigurationPlatforms) = preSolution
		Debug|Any CPU = Debug|Any CPU
		Release|Any CPU = Release|Any CPU
	EndGlobalSection
	GlobalSection(ProjectConfigurationPlatforms) = postSolution
		{42D902B2-18B3-4FD1-A0E2-D4FE61B07F90}.Debug|Any CPU.ActiveCfg = Debug|Any CPU
		{42D902B2-18B3-4FD1-A0E2-D4FE61B07F90}.Debug|Any CPU.Build.0 = Debug|Any CPU
		{42D902B2-18B3-4FD1-A0E2-D4FE61B07F90}.Release|Any CPU.ActiveCfg = Release|Any CPU
		{42D902B2-18B3-4FD1-A0E2-D4FE61B07F90}.Release|Any CPU.Build.0 = Release|Any CPU
	EndGlobalSection
	GlobalSection(SolutionProperties) = preSolution
		HideSolutionNode = FALSE
	EndGlobalSection
	GlobalSection(ExtensibilityGlobals) = postSolution
		SolutionGuid = {0DF2F085-F112-4667-8A88-434214E1CB99}
	EndGlobalSection
EndGlobal
