
Microsoft Visual Studio Solution File, Format Version 12.00
# Visual Studio Version 16
VisualStudioVersion = 16.0.30717.126
MinimumVisualStudioVersion = 10.0.40219.1
Project("{9A19103F-16F7-4668-BE54-9A1E7A4F7556}") = "Question9", "Question9.csproj", "{1EC43D0A-87E8-4B0E-9924-52B49B526D65}"
EndProject
Global
	GlobalSection(SolutionConfigurationPlatforms) = preSolution
		Debug|Any CPU = Debug|Any CPU
		Release|Any CPU = Release|Any CPU
	EndGlobalSection
	GlobalSection(ProjectConfigurationPlatforms) = postSolution
		{1EC43D0A-87E8-4B0E-9924-52B49B526D65}.Debug|Any CPU.ActiveCfg = Debug|Any CPU
		{1EC43D0A-87E8-4B0E-9924-52B49B526D65}.Debug|Any CPU.Build.0 = Debug|Any CPU
		{1EC43D0A-87E8-4B0E-9924-52B49B526D65}.Release|Any CPU.ActiveCfg = Release|Any CPU
		{1EC43D0A-87E8-4B0E-9924-52B49B526D65}.Release|Any CPU.Build.0 = Release|Any CPU
	EndGlobalSection
	GlobalSection(SolutionProperties) = preSolution
		HideSolutionNode = FALSE
	EndGlobalSection
	GlobalSection(ExtensibilityGlobals) = postSolution
		SolutionGuid = {AF2A5EEA-AA89-4145-9E39-B05793F9DED3}
	EndGlobalSection
EndGlobal
